
Microsoft Visual Studio Solution File, Format Version 12.00
# Visual Studio Version 16
VisualStudioVersion = 16.0.31424.327
MinimumVisualStudioVersion = 10.0.40219.1
Project("{9A19103F-16F7-4668-BE54-9A1E7A4F7556}") = "rdiff.net", "rdiff.net\rdiff.net.csproj", "{AF999168-6E26-4F86-BB22-E1924B7DFAD1}"
EndProject
Project("{FAE04EC0-301F-11D3-BF4B-00C04F79EFBC}") = "rdiff.net.tests", "rdiff.net.tests\rdiff.net.tests.csproj", "{687B1D1C-970A-4442-B701-38AFEE78B942}"
EndProject
Global
	GlobalSection(SolutionConfigurationPlatforms) = preSolution
		Debug|Any CPU = Debug|Any CPU
		Release|Any CPU = Release|Any CPU
	EndGlobalSection
	GlobalSection(ProjectConfigurationPlatforms) = postSolution
		{AF999168-6E26-4F86-BB22-E1924B7DFAD1}.Debug|Any CPU.ActiveCfg = Debug|Any CPU
		{AF999168-6E26-4F86-BB22-E1924B7DFAD1}.Debug|Any CPU.Build.0 = Debug|Any CPU
		{AF999168-6E26-4F86-BB22-E1924B7DFAD1}.Release|Any CPU.ActiveCfg = Release|Any CPU
		{AF999168-6E26-4F86-BB22-E1924B7DFAD1}.Release|Any CPU.Build.0 = Release|Any CPU
		{687B1D1C-970A-4442-B701-38AFEE78B942}.Debug|Any CPU.ActiveCfg = Debug|Any CPU
		{687B1D1C-970A-4442-B701-38AFEE78B942}.Debug|Any CPU.Build.0 = Debug|Any CPU
		{687B1D1C-970A-4442-B701-38AFEE78B942}.Release|Any CPU.ActiveCfg = Release|Any CPU
		{687B1D1C-970A-4442-B701-38AFEE78B942}.Release|Any CPU.Build.0 = Release|Any CPU
	EndGlobalSection
	GlobalSection(SolutionProperties) = preSolution
		HideSolutionNode = FALSE
	EndGlobalSection
	GlobalSection(ExtensibilityGlobals) = postSolution
		SolutionGuid = {B999BE3D-E0FB-434A-A436-F5DF948FB03C}
	EndGlobalSection
EndGlobal
